
Microsoft Visual Studio Solution File, Format Version 12.00
# Visual Studio Version 17
VisualStudioVersion = 17.14.36203.30
MinimumVisualStudioVersion = 10.0.40219.1
Project("{FAE04EC0-301F-11D3-BF4B-00C04F79EFBC}") = "CodeToModel", "CodeToModel\CodeToModel.csproj", "{266BC3DC-CD3F-4B20-B753-07921722DE39}"
EndProject
Project("{FAE04EC0-301F-11D3-BF4B-00C04F79EFBC}") = "CTMLib", "CTMLib\CTMLib.csproj", "{CAF058A5-9D38-4CFE-94ED-0E1A960BCD2D}"
EndProject
Project("{FAE04EC0-301F-11D3-BF4B-00C04F79EFBC}") = "CTMGenerator", "CTMGenerator\CTMGenerator.csproj", "{D970E0B9-3DA6-49D3-B9D1-4892801E504D}"
EndProject
Project("{FAE04EC0-301F-11D3-BF4B-00C04F79EFBC}") = "CTMCodeFixes", "CTMCodeFixes\CTMCodeFixes.csproj", "{1800C66A-2D1D-437E-A2A2-98520021BBE4}"
EndProject
Project("{FAE04EC0-301F-11D3-BF4B-00C04F79EFBC}") = "CTMTests", "CTMTests\CTMTests.csproj", "{4B4773B3-2E34-4A37-B2CD-36E192C78135}"
EndProject
Global
	GlobalSection(SolutionConfigurationPlatforms) = preSolution
		Debug|Any CPU = Debug|Any CPU
		Release|Any CPU = Release|Any CPU
	EndGlobalSection
	GlobalSection(ProjectConfigurationPlatforms) = postSolution
		{266BC3DC-CD3F-4B20-B753-07921722DE39}.Debug|Any CPU.ActiveCfg = Debug|Any CPU
		{266BC3DC-CD3F-4B20-B753-07921722DE39}.Debug|Any CPU.Build.0 = Debug|Any CPU
		{266BC3DC-CD3F-4B20-B753-07921722DE39}.Release|Any CPU.ActiveCfg = Release|Any CPU
		{266BC3DC-CD3F-4B20-B753-07921722DE39}.Release|Any CPU.Build.0 = Release|Any CPU
		{CAF058A5-9D38-4CFE-94ED-0E1A960BCD2D}.Debug|Any CPU.ActiveCfg = Debug|Any CPU
		{CAF058A5-9D38-4CFE-94ED-0E1A960BCD2D}.Debug|Any CPU.Build.0 = Debug|Any CPU
		{CAF058A5-9D38-4CFE-94ED-0E1A960BCD2D}.Release|Any CPU.ActiveCfg = Release|Any CPU
		{CAF058A5-9D38-4CFE-94ED-0E1A960BCD2D}.Release|Any CPU.Build.0 = Release|Any CPU
		{D970E0B9-3DA6-49D3-B9D1-4892801E504D}.Debug|Any CPU.ActiveCfg = Debug|Any CPU
		{D970E0B9-3DA6-49D3-B9D1-4892801E504D}.Debug|Any CPU.Build.0 = Debug|Any CPU
		{D970E0B9-3DA6-49D3-B9D1-4892801E504D}.Release|Any CPU.ActiveCfg = Release|Any CPU
		{D970E0B9-3DA6-49D3-B9D1-4892801E504D}.Release|Any CPU.Build.0 = Release|Any CPU
		{1800C66A-2D1D-437E-A2A2-98520021BBE4}.Debug|Any CPU.ActiveCfg = Debug|Any CPU
		{1800C66A-2D1D-437E-A2A2-98520021BBE4}.Debug|Any CPU.Build.0 = Debug|Any CPU
		{1800C66A-2D1D-437E-A2A2-98520021BBE4}.Release|Any CPU.ActiveCfg = Release|Any CPU
		{1800C66A-2D1D-437E-A2A2-98520021BBE4}.Release|Any CPU.Build.0 = Release|Any CPU
		{4B4773B3-2E34-4A37-B2CD-36E192C78135}.Debug|Any CPU.ActiveCfg = Debug|Any CPU
		{4B4773B3-2E34-4A37-B2CD-36E192C78135}.Debug|Any CPU.Build.0 = Debug|Any CPU
		{4B4773B3-2E34-4A37-B2CD-36E192C78135}.Release|Any CPU.ActiveCfg = Release|Any CPU
		{4B4773B3-2E34-4A37-B2CD-36E192C78135}.Release|Any CPU.Build.0 = Release|Any CPU
	EndGlobalSection
	GlobalSection(SolutionProperties) = preSolution
		HideSolutionNode = FALSE
	EndGlobalSection
	GlobalSection(ExtensibilityGlobals) = postSolution
		SolutionGuid = {30793B0B-3046-4D79-987C-ECD665CCFF60}
	EndGlobalSection
EndGlobal
